// !$*UTF8*$!
{
	archiveVersion = 1;
	classes = {
	};
	objectVersion = 50;
	objects = {

/* Begin PBXBuildFile section */
		CE00B800251C4CD00090FBBA /* AppDelegate.swift in Sources */ = {isa = PBXBuildFile; fileRef = CE00B7FF251C4CD00090FBBA /* AppDelegate.swift */; };
		CE00B802251C4CD00090FBBA /* SceneDelegate.swift in Sources */ = {isa = PBXBuildFile; fileRef = CE00B801251C4CD00090FBBA /* SceneDelegate.swift */; };
		CE00B804251C4CD00090FBBA /* ViewController.swift in Sources */ = {isa = PBXBuildFile; fileRef = CE00B803251C4CD00090FBBA /* ViewController.swift */; };
		CE00B807251C4CD00090FBBA /* Main.storyboard in Resources */ = {isa = PBXBuildFile; fileRef = CE00B805251C4CD00090FBBA /* Main.storyboard */; };
		CE00B809251C4CD10090FBBA /* Assets.xcassets in Resources */ = {isa = PBXBuildFile; fileRef = CE00B808251C4CD10090FBBA /* Assets.xcassets */; };
		CE00B80C251C4CD10090FBBA /* LaunchScreen.storyboard in Resources */ = {isa = PBXBuildFile; fileRef = CE00B80A251C4CD10090FBBA /* LaunchScreen.storyboard */; };
		EF4BB85ABE82EE82860FACDD /* Pods_flutter_pod.framework in Frameworks */ = {isa = PBXBuildFile; fileRef = FE522A33E967A80CAD20E39D /* Pods_flutter_pod.framework */; };
/* End PBXBuildFile section */

/* Begin PBXFileReference section */
		3C4EA51CFE4DB46CB6ACBA8D /* Pods-flutter_pod.debug.xcconfig */ = {isa = PBXFileReference; includeInIndex = 1; lastKnownFileType = text.xcconfig; name = "Pods-flutter_pod.debug.xcconfig"; path = "Target Support Files/Pods-flutter_pod/Pods-flutter_pod.debug.xcconfig"; sourceTree = "<group>"; };
		8BD8B29DC32BA90A46E8FFBB /* Pods-flutter_pod.release.xcconfig */ = {isa = PBXFileReference; includeInIndex = 1; lastKnownFileType = text.xcconfig; name = "Pods-flutter_pod.release.xcconfig"; path = "Target Support Files/Pods-flutter_pod/Pods-flutter_pod.release.xcconfig"; sourceTree = "<group>"; };
		CE00B7FC251C4CD00090FBBA /* flutter_pod.app */ = {isa = PBXFileReference; explicitFileType = wrapper.application; includeInIndex = 0; path = flutter_pod.app; sourceTree = BUILT_PRODUCTS_DIR; };
		CE00B7FF251C4CD00090FBBA /* AppDelegate.swift */ = {isa = PBXFileReference; lastKnownFileType = sourcecode.swift; path = AppDelegate.swift; sourceTree = "<group>"; };
		CE00B801251C4CD00090FBBA /* SceneDelegate.swift */ = {isa = PBXFileReference; lastKnownFileType = sourcecode.swift; path = SceneDelegate.swift; sourceTree = "<group>"; };
		CE00B803251C4CD00090FBBA /* ViewController.swift */ = {isa = PBXFileReference; lastKnownFileType = sourcecode.swift; path = ViewController.swift; sourceTree = "<group>"; };
		CE00B806251C4CD00090FBBA /* Base */ = {isa = PBXFileReference; lastKnownFileType = file.storyboard; name = Base; path = Base.lproj/Main.storyboard; sourceTree = "<group>"; };
		CE00B808251C4CD10090FBBA /* Assets.xcassets */ = {isa = PBXFileReference; lastKnownFileType = folder.assetcatalog; path = Assets.xcassets; sourceTree = "<group>"; };
		CE00B80B251C4CD10090FBBA /* Base */ = {isa = PBXFileReference; lastKnownFileType = file.storyboard; name = Base; path = Base.lproj/LaunchScreen.storyboard; sourceTree = "<group>"; };
		CE00B80D251C4CD10090FBBA /* Info.plist */ = {isa = PBXFileReference; lastKnownFileType = text.plist.xml; path = Info.plist; sourceTree = "<group>"; };
		FE522A33E967A80CAD20E39D /* Pods_flutter_pod.framework */ = {isa = PBXFileReference; explicitFileType = wrapper.framework; includeInIndex = 0; path = Pods_flutter_pod.framework; sourceTree = BUILT_PRODUCTS_DIR; };
/* End PBXFileReference section */

/* Begin PBXFrameworksBuildPhase section */
		CE00B7F9251C4CD00090FBBA /* Frameworks */ = {
			isa = PBXFrameworksBuildPhase;
			buildActionMask = 2147483647;
			files = (
				EF4BB85ABE82EE82860FACDD /* Pods_flutter_pod.framework in Frameworks */,
			);
			runOnlyForDeploymentPostprocessing = 0;
		};
/* End PBXFrameworksBuildPhase section */

/* Begin PBXGroup section */
		08C675DB50462EE7EEE76DB8 /* Pods */ = {
			isa = PBXGroup;
			children = (
				3C4EA51CFE4DB46CB6ACBA8D /* Pods-flutter_pod.debug.xcconfig */,
				8BD8B29DC32BA90A46E8FFBB /* Pods-flutter_pod.release.xcconfig */,
			);
			name = Pods;
			path = Pods;
			sourceTree = "<group>";
		};
		AD7D32A790F408EB60279118 /* Frameworks */ = {
			isa = PBXGroup;
			children = (
				FE522A33E967A80CAD20E39D /* Pods_flutter_pod.framework */,
			);
			name = Frameworks;
			sourceTree = "<group>";
		};
		CE00B7F3251C4CD00090FBBA = {
			isa = PBXGroup;
			children = (
				CE00B7FE251C4CD00090FBBA /* flutter_pod */,
				CE00B7FD251C4CD00090FBBA /* Products */,
				08C675DB50462EE7EEE76DB8 /* Pods */,
				AD7D32A790F408EB60279118 /* Frameworks */,
			);
			sourceTree = "<group>";
		};
		CE00B7FD251C4CD00090FBBA /* Products */ = {
			isa = PBXGroup;
			children = (
				CE00B7FC251C4CD00090FBBA /* flutter_pod.app */,
			);
			name = Products;
			sourceTree = "<group>";
		};
		CE00B7FE251C4CD00090FBBA /* flutter_pod */ = {
			isa = PBXGroup;
			children = (
				CE00B7FF251C4CD00090FBBA /* AppDelegate.swift */,
				CE00B801251C4CD00090FBBA /* SceneDelegate.swift */,
				CE00B803251C4CD00090FBBA /* ViewController.swift */,
				CE00B805251C4CD00090FBBA /* Main.storyboard */,
				CE00B808251C4CD10090FBBA /* Assets.xcassets */,
				CE00B80A251C4CD10090FBBA /* LaunchScreen.storyboard */,
				CE00B80D251C4CD10090FBBA /* Info.plist */,
			);
			path = flutter_pod;
			sourceTree = "<group>";
		};
/* End PBXGroup section */

/* Begin PBXNativeTarget section */
		CE00B7FB251C4CD00090FBBA /* flutter_pod */ = {
			isa = PBXNativeTarget;
			buildConfigurationList = CE00B810251C4CD10090FBBA /* Build configuration list for PBXNativeTarget "flutter_pod" */;
			buildPhases = (
				6DD3567BDAB6390BE9765A57 /* [CP] Check Pods Manifest.lock */,
				CE00B7F8251C4CD00090FBBA /* Sources */,
				CE00B7F9251C4CD00090FBBA /* Frameworks */,
				CE00B7FA251C4CD00090FBBA /* Resources */,
				49BD8A55E141764BABEF4FF4 /* [CP] Embed Pods Frameworks */,
			);
			buildRules = (
			);
			dependencies = (
			);
			name = flutter_pod;
			productName = flutter_pod;
			productReference = CE00B7FC251C4CD00090FBBA /* flutter_pod.app */;
			productType = "com.apple.product-type.application";
		};
/* End PBXNativeTarget section */

/* Begin PBXProject section */
		CE00B7F4251C4CD00090FBBA /* Project object */ = {
			isa = PBXProject;
			attributes = {
				LastSwiftUpdateCheck = 1200;
				LastUpgradeCheck = 1200;
				TargetAttributes = {
					CE00B7FB251C4CD00090FBBA = {
						CreatedOnToolsVersion = 12.0;
					};
				};
			};
			buildConfigurationList = CE00B7F7251C4CD00090FBBA /* Build configuration list for PBXProject "flutter_pod" */;
			compatibilityVersion = "Xcode 9.3";
			developmentRegion = en;
			hasScannedForEncodings = 0;
			knownRegions = (
				en,
				Base,
			);
			mainGroup = CE00B7F3251C4CD00090FBBA;
			productRefGroup = CE00B7FD251C4CD00090FBBA /* Products */;
			projectDirPath = "";
			projectRoot = "";
			targets = (
				CE00B7FB251C4CD00090FBBA /* flutter_pod */,
			);
		};
/* End PBXProject section */

/* Begin PBXResourcesBuildPhase section */
		CE00B7FA251C4CD00090FBBA /* Resources */ = {
			isa = PBXResourcesBuildPhase;
			buildActionMask = 2147483647;
			files = (
				CE00B80C251C4CD10090FBBA /* LaunchScreen.storyboard in Resources */,
				CE00B809251C4CD10090FBBA /* Assets.xcassets in Resources */,
				CE00B807251C4CD00090FBBA /* Main.storyboard in Resources */,
			);
			runOnlyForDeploymentPostprocessing = 0;
		};
/* End PBXResourcesBuildPhase section */

/* Begin PBXShellScriptBuildPhase section */
		49BD8A55E141764BABEF4FF4 /* [CP] Embed Pods Frameworks */ = {
			isa = PBXShellScriptBuildPhase;
			buildActionMask = 2147483647;
			files = (
			);
			inputFileListPaths = (
				"${PODS_ROOT}/Target Support Files/Pods-flutter_pod/Pods-flutter_pod-frameworks-${CONFIGURATION}-input-files.xcfilelist",
			);
			name = "[CP] Embed Pods Frameworks";
			outputFileListPaths = (
				"${PODS_ROOT}/Target Support Files/Pods-flutter_pod/Pods-flutter_pod-frameworks-${CONFIGURATION}-output-files.xcfilelist",
			);
			runOnlyForDeploymentPostprocessing = 0;
			shellPath = /bin/sh;
			shellScript = "\"${PODS_ROOT}/Target Support Files/Pods-flutter_pod/Pods-flutter_pod-frameworks.sh\"\n";
			showEnvVarsInLog = 0;
		};
		6DD3567BDAB6390BE9765A57 /* [CP] Check Pods Manifest.lock */ = {
			isa = PBXShellScriptBuildPhase;
			buildActionMask = 2147483647;
			files = (
			);
			inputFileListPaths = (
			);
			inputPaths = (
				"${PODS_PODFILE_DIR_PATH}/Podfile.lock",
				"${PODS_ROOT}/Manifest.lock",
			);
			name = "[CP] Check Pods Manifest.lock";
			outputFileListPaths = (
			);
			outputPaths = (
				"$(DERIVED_FILE_DIR)/Pods-flutter_pod-checkManifestLockResult.txt",
			);
			runOnlyForDeploymentPostprocessing = 0;
			shellPath = /bin/sh;
			shellScript = "diff \"${PODS_PODFILE_DIR_PATH}/Podfile.lock\" \"${PODS_ROOT}/Manifest.lock\" > /dev/null\nif [ $? != 0 ] ; then\n    # print error to STDERR\n    echo \"error: The sandbox is not in sync with the Podfile.lock. Run 'pod install' or update your CocoaPods installation.\" >&2\n    exit 1\nfi\n# This output is used by Xcode 'outputs' to avoid re-running this script phase.\necho \"SUCCESS\" > \"${SCRIPT_OUTPUT_FILE_0}\"\n";
			showEnvVarsInLog = 0;
		};
/* End PBXShellScriptBuildPhase section */

/* Begin PBXSourcesBuildPhase section */
		CE00B7F8251C4CD00090FBBA /* Sources */ = {
			isa = PBXSourcesBuildPhase;
			buildActionMask = 2147483647;
			files = (
				CE00B804251C4CD00090FBBA /* ViewController.swift in Sources */,
				CE00B800251C4CD00090FBBA /* AppDelegate.swift in Sources */,
				CE00B802251C4CD00090FBBA /* SceneDelegate.swift in Sources */,
			);
			runOnlyForDeploymentPostprocessing = 0;
		};
/* End PBXSourcesBuildPhase section */

/* Begin PBXVariantGroup section */
		CE00B805251C4CD00090FBBA /* Main.storyboard */ = {
			isa = PBXVariantGroup;
			children = (
				CE00B806251C4CD00090FBBA /* Base */,
			);
			name = Main.storyboard;
			sourceTree = "<group>";
		};
		CE00B80A251C4CD10090FBBA /* LaunchScreen.storyboard */ = {
			isa = PBXVariantGroup;
			children = (
				CE00B80B251C4CD10090FBBA /* Base */,
			);
			name = LaunchScreen.storyboard;
			sourceTree = "<group>";
		};
/* End PBXVariantGroup section */

/* Begin XCBuildConfiguration section */
		CE00B80E251C4CD10090FBBA /* Debug */ = {
			isa = XCBuildConfiguration;
			buildSettings = {
				ALWAYS_SEARCH_USER_PATHS = NO;
				CLANG_ANALYZER_NONNULL = YES;
				CLANG_ANALYZER_NUMBER_OBJECT_CONVERSION = YES_AGGRESSIVE;
				CLANG_CXX_LANGUAGE_STANDARD = "gnu++14";
				CLANG_CXX_LIBRARY = "libc++";
				CLANG_ENABLE_MODULES = YES;
				CLANG_ENABLE_OBJC_ARC = YES;
				CLANG_ENABLE_OBJC_WEAK = YES;
				CLANG_WARN_BLOCK_CAPTURE_AUTORELEASING = YES;
				CLANG_WARN_BOOL_CONVERSION = YES;
				CLANG_WARN_COMMA = YES;
				CLANG_WARN_CONSTANT_CONVERSION = YES;
				CLANG_WARN_DEPRECATED_OBJC_IMPLEMENTATIONS = YES;
				CLANG_WARN_DIRECT_OBJC_ISA_USAGE = YES_ERROR;
				CLANG_WARN_DOCUMENTATION_COMMENTS = YES;
				CLANG_WARN_EMPTY_BODY = YES;
				CLANG_WARN_ENUM_CONVERSION = YES;
				CLANG_WARN_INFINITE_RECURSION = YES;
				CLANG_WARN_INT_CONVERSION = YES;
				CLANG_WARN_NON_LITERAL_NULL_CONVERSION = YES;
				CLANG_WARN_OBJC_IMPLICIT_RETAIN_SELF = YES;
				CLANG_WARN_OBJC_LITERAL_CONVERSION = YES;
				CLANG_WARN_OBJC_ROOT_CLASS = YES_ERROR;
				CLANG_WARN_QUOTED_INCLUDE_IN_FRAMEWORK_HEADER = YES;
				CLANG_WARN_RANGE_LOOP_ANALYSIS = YES;
				CLANG_WARN_STRICT_PROTOTYPES = YES;
				CLANG_WARN_SUSPICIOUS_MOVE = YES;
				CLANG_WARN_UNGUARDED_AVAILABILITY = YES_AGGRESSIVE;
				CLANG_WARN_UNREACHABLE_CODE = YES;
				CLANG_WARN__DUPLICATE_METHOD_MATCH = YES;
				COPY_PHASE_STRIP = NO;
				DEBUG_INFORMATION_FORMAT = dwarf;
				ENABLE_STRICT_OBJC_MSGSEND = YES;
				ENABLE_TESTABILITY = YES;
				GCC_C_LANGUAGE_STANDARD = gnu11;
				GCC_DYNAMIC_NO_PIC = NO;
				GCC_NO_COMMON_BLOCKS = YES;
				GCC_OPTIMIZATION_LEVEL = 0;
				GCC_PREPROCESSOR_DEFINITIONS = (
					"DEBUG=1",
					"$(inherited)",
				);
				GCC_WARN_64_TO_32_BIT_CONVERSION = YES;
				GCC_WARN_ABOUT_RETURN_TYPE = YES_ERROR;
				GCC_WARN_UNDECLARED_SELECTOR = YES;
				GCC_WARN_UNINITIALIZED_AUTOS = YES_AGGRESSIVE;
				GCC_WARN_UNUSED_FUNCTION = YES;
				GCC_WARN_UNUSED_VARIABLE = YES;
				IPHONEOS_DEPLOYMENT_TARGET = 14.0;
				MTL_ENABLE_DEBUG_INFO = INCLUDE_SOURCE;
				MTL_FAST_MATH = YES;
				ONLY_ACTIVE_ARCH = YES;
				SDKROOT = iphoneos;
				SWIFT_ACTIVE_COMPILATION_CONDITIONS = DEBUG;
				SWIFT_OPTIMIZATION_LEVEL = "-Onone";
			};
			name = Debug;
		};
		CE00B80F251C4CD10090FBBA /* Release */ = {
			isa = XCBuildConfiguration;
			buildSettings = {
				ALWAYS_SEARCH_USER_PATHS = NO;
				CLANG_ANALYZER_NONNULL = YES;
				CLANG_ANALYZER_NUMBER_OBJECT_CONVERSION = YES_AGGRESSIVE;
				CLANG_CXX_LANGUAGE_STANDARD = "gnu++14";
				CLANG_CXX_LIBRARY = "libc++";
				CLANG_ENABLE_MODULES = YES;
				CLANG_ENABLE_OBJC_ARC = YES;
				CLANG_ENABLE_OBJC_WEAK = YES;
				CLANG_WARN_BLOCK_CAPTURE_AUTORELEASING = YES;
				CLANG_WARN_BOOL_CONVERSION = YES;
				CLANG_WARN_COMMA = YES;
				CLANG_WARN_CONSTANT_CONVERSION = YES;
				CLANG_WARN_DEPRECATED_OBJC_IMPLEMENTATIONS = YES;
				CLANG_WARN_DIRECT_OBJC_ISA_USAGE = YES_ERROR;
				CLANG_WARN_DOCUMENTATION_COMMENTS = YES;
				CLANG_WARN_EMPTY_BODY = YES;
				CLANG_WARN_ENUM_CONVERSION = YES;
				CLANG_WARN_INFINITE_RECURSION = YES;
				CLANG_WARN_INT_CONVERSION = YES;
				CLANG_WARN_NON_LITERAL_NULL_CONVERSION = YES;
				CLANG_WARN_OBJC_IMPLICIT_RETAIN_SELF = YES;
				CLANG_WARN_OBJC_LITERAL_CONVERSION = YES;
				CLANG_WARN_OBJC_ROOT_CLASS = YES_ERROR;
				CLANG_WARN_QUOTED_INCLUDE_IN_FRAMEWORK_HEADER = YES;
				CLANG_WARN_RANGE_LOOP_ANALYSIS = YES;
				CLANG_WARN_STRICT_PROTOTYPES = YES;
				CLANG_WARN_SUSPICIOUS_MOVE = YES;
				CLANG_WARN_UNGUARDED_AVAILABILITY = YES_AGGRESSIVE;
				CLANG_WARN_UNREACHABLE_CODE = YES;
				CLANG_WARN__DUPLICATE_METHOD_MATCH = YES;
				COPY_PHASE_STRIP = NO;
				DEBUG_INFORMATION_FORMAT = "dwarf-with-dsym";
				ENABLE_NS_ASSERTIONS = NO;
				ENABLE_STRICT_OBJC_MSGSEND = YES;
				GCC_C_LANGUAGE_STANDARD = gnu11;
				GCC_NO_COMMON_BLOCKS = YES;
				GCC_WARN_64_TO_32_BIT_CONVERSION = YES;
				GCC_WARN_ABOUT_RETURN_TYPE = YES_ERROR;
				GCC_WARN_UNDECLARED_SELECTOR = YES;
				GCC_WARN_UNINITIALIZED_AUTOS = YES_AGGRESSIVE;
				GCC_WARN_UNUSED_FUNCTION = YES;
				GCC_WARN_UNUSED_VARIABLE = YES;
				IPHONEOS_DEPLOYMENT_TARGET = 14.0;
				MTL_ENABLE_DEBUG_INFO = NO;
				MTL_FAST_MATH = YES;
				SDKROOT = iphoneos;
				SWIFT_COMPILATION_MODE = wholemodule;
				SWIFT_OPTIMIZATION_LEVEL = "-O";
				VALIDATE_PRODUCT = YES;
			};
			name = Release;
		};
		CE00B811251C4CD10090FBBA /* Debug */ = {
			isa = XCBuildConfiguration;
			baseConfigurationReference = 3C4EA51CFE4DB46CB6ACBA8D /* Pods-flutter_pod.debug.xcconfig */;
			buildSettings = {
				ASSETCATALOG_COMPILER_APPICON_NAME = AppIcon;
				ASSETCATALOG_COMPILER_GLOBAL_ACCENT_COLOR_NAME = AccentColor;
				CODE_SIGN_STYLE = Automatic;
				INFOPLIST_FILE = flutter_pod/Info.plist;
				LD_RUNPATH_SEARCH_PATHS = (
					"$(inherited)",
					"@executable_path/Frameworks",
				);
				PRODUCT_BUNDLE_IDENTIFIER = "com.dadi01.vip.flutter-pod";
				PRODUCT_NAME = "$(TARGET_NAME)";
				SWIFT_VERSION = 5.0;
				TARGETED_DEVICE_FAMILY = "1,2";
			};
			name = Debug;
		};
		CE00B812251C4CD10090FBBA /* Release */ = {
			isa = XCBuildConfiguration;
			baseConfigurationReference = 8BD8B29DC32BA90A46E8FFBB /* Pods-flutter_pod.release.xcconfig */;
			buildSettings = {
				ASSETCATALOG_COMPILER_APPICON_NAME = AppIcon;
				ASSETCATALOG_COMPILER_GLOBAL_ACCENT_COLOR_NAME = AccentColor;
				CODE_SIGN_STYLE = Automatic;
				INFOPLIST_FILE = flutter_pod/Info.plist;
				LD_RUNPATH_SEARCH_PATHS = (
					"$(inherited)",
					"@executable_path/Frameworks",
				);
				PRODUCT_BUNDLE_IDENTIFIER = "com.dadi01.vip.flutter-pod";
				PRODUCT_NAME = "$(TARGET_NAME)";
				SWIFT_VERSION = 5.0;
				TARGETED_DEVICE_FAMILY = "1,2";
			};
			name = Release;
		};
/* End XCBuildConfiguration section */

/* Begin XCConfigurationList section */
		CE00B7F7251C4CD00090FBBA /* Build configuration list for PBXProject "flutter_pod" */ = {
			isa = XCConfigurationList;
			buildConfigurations = (
				CE00B80E251C4CD10090FBBA /* Debug */,
				CE00B80F251C4CD10090FBBA /* Release */,
			);
			defaultConfigurationIsVisible = 0;
			defaultConfigurationName = Release;
		};
		CE00B810251C4CD10090FBBA /* Build configuration list for PBXNativeTarget "flutter_pod" */ = {
			isa = XCConfigurationList;
			buildConfigurations = (
				CE00B811251C4CD10090FBBA /* Debug */,
				CE00B812251C4CD10090FBBA /* Release */,
			);
			defaultConfigurationIsVisible = 0;
			defaultConfigurationName = Release;
		};
/* End XCConfigurationList section */
	};
	rootObject = CE00B7F4251C4CD00090FBBA /* Project object */;
}
